{
  "nodes": {
    "ancmp": {
      "flake": false,
      "locked": {
        "lastModified": 1747514314,
        "narHash": "sha256-fXnyKpcrjTlDG7+Q6uAJJ1aeQVBYQjp3wRbDcuNeY2c=",
        "owner": "MFDGaming",
        "repo": "ancmp",
        "rev": "e383f035985af0c2a1ac736a4943bc2ddcac3309",
        "type": "github"
      },
      "original": {
        "owner": "MFDGaming",
        "repo": "ancmp",
        "type": "github"
      }
    },
    "flake-utils": {
      "inputs": {
        "systems": "systems"
      },
      "locked": {
        "lastModified": 1731533236,
        "narHash": "sha256-l0KFg5HjrsfsO/JpG+r7fRrqm12kzFHyUHqHCVpMMbI=",
        "owner": "numtide",
        "repo": "flake-utils",
        "rev": "11707dc2f618dd54ca8739b309ec4fc024de578b",
        "type": "github"
      },
      "original": {
        "owner": "numtide",
        "repo": "flake-utils",
        "type": "github"
      }
    },
    "glad": {
      "flake": false,
      "locked": {
        "lastModified": 1742979391,
        "narHash": "sha256-NK2Ch5FInAwtWMTdzTumFzTWp4rytp4rUdVcaN78CXw=",
        "owner": "Dav1dde",
        "repo": "glad",
        "rev": "56e406e90a802e963bb18d9c94cf6589e5a6b0a9",
        "type": "github"
      },
      "original": {
        "owner": "Dav1dde",
        "repo": "glad",
        "rev": "56e406e90a802e963bb18d9c94cf6589e5a6b0a9",
        "type": "github"
      }
    },
    "nixgl": {
      "inputs": {
        "flake-utils": [
          "flake-utils"
        ],
        "nixpkgs": [
          "nixpkgs"
        ]
      },
      "locked": {
        "lastModified": 1713543440,
        "narHash": "sha256-lnzZQYG0+EXl/6NkGpyIz+FEOc/DSEG57AP1VsdeNrM=",
        "owner": "nix-community",
        "repo": "nixGL",
        "rev": "310f8e49a149e4c9ea52f1adf70cdc768ec53f8a",
        "type": "github"
      },
      "original": {
        "owner": "nix-community",
        "repo": "nixGL",
        "type": "github"
      }
    },
    "nixpkgs": {
      "locked": {
        "lastModified": 1747327360,
        "narHash": "sha256-LSmTbiq/nqZR9B2t4MRnWG7cb0KVNU70dB7RT4+wYK4=",
        "owner": "nixos",
        "repo": "nixpkgs",
        "rev": "e06158e58f3adee28b139e9c2bcfcc41f8625b46",
        "type": "github"
      },
      "original": {
        "owner": "nixos",
        "ref": "nixos-unstable",
        "repo": "nixpkgs",
        "type": "github"
      }
    },
    "root": {
      "inputs": {
        "ancmp": "ancmp",
        "flake-utils": "flake-utils",
        "glad": "glad",
        "nixgl": "nixgl",
        "nixpkgs": "nixpkgs",
        "stb": "stb"
      }
    },
    "stb": {
      "flake": false,
      "locked": {
        "lastModified": 1675018027,
        "narHash": "sha256-s2ASdlT3bBNrqvwfhhN6skjbmyEnUgvNOrvhgUSRj98=",
        "owner": "nothings",
        "repo": "stb",
        "rev": "5736b15f7ea0ffb08dd38af21067c314d6a3aae9",
        "type": "github"
      },
      "original": {
        "owner": "nothings",
        "repo": "stb",
        "rev": "5736b15f7ea0ffb08dd38af21067c314d6a3aae9",
        "type": "github"
      }
    },
    "systems": {
      "locked": {
        "lastModified": 1681028828,
        "narHash": "sha256-Vy1rq5AaRuLzOxct8nz4T6wlgyUR7zLU309k9mBC768=",
        "owner": "nix-systems",
        "repo": "default",
        "rev": "da67096a3b9bf56a91d16901293e51ba5b49a27e",
        "type": "github"
      },
      "original": {
        "owner": "nix-systems",
        "repo": "default",
        "type": "github"
      }
    }
  },
  "root": "root",
  "version": 7
}
