{
  "nodes": {
    "ancmp": {
      "flake": false,
      "locked": {
        "lastModified": 1755210822,
        "narHash": "sha256-/mfL/vZDBhFIOJJpSaz9QlWAs/38zvbqQ18lPHONcvY=",
        "owner": "MFDGaming",
        "repo": "ancmp",
        "rev": "812f49c7c70459327131751b1a6f81afebf71e2f",
        "type": "github"
      },
      "original": {
        "owner": "MFDGaming",
        "repo": "ancmp",
        "type": "github"
      }
    },
    "flake-utils": {
      "inputs": {
        "systems": "systems"
      },
      "locked": {
        "lastModified": 1731533236,
        "narHash": "sha256-l0KFg5HjrsfsO/JpG+r7fRrqm12kzFHyUHqHCVpMMbI=",
        "owner": "numtide",
        "repo": "flake-utils",
        "rev": "11707dc2f618dd54ca8739b309ec4fc024de578b",
        "type": "github"
      },
      "original": {
        "owner": "numtide",
        "repo": "flake-utils",
        "type": "github"
      }
    },
    "glad": {
      "flake": false,
      "locked": {
        "lastModified": 1742979391,
        "narHash": "sha256-NK2Ch5FInAwtWMTdzTumFzTWp4rytp4rUdVcaN78CXw=",
        "owner": "Dav1dde",
        "repo": "glad",
        "rev": "56e406e90a802e963bb18d9c94cf6589e5a6b0a9",
        "type": "github"
      },
      "original": {
        "owner": "Dav1dde",
        "repo": "glad",
        "rev": "56e406e90a802e963bb18d9c94cf6589e5a6b0a9",
        "type": "github"
      }
    },
    "ninecraft-mod-toolchain-build-scripts": {
      "flake": false,
      "locked": {
        "lastModified": 1752121108,
        "narHash": "sha256-T+JOXXvteuRmht5cGai90z7dEv6+DhBTRhezwaUgWCI=",
        "owner": "MCPI-Revival",
        "repo": "ninecraft-mod-toolchain-build-scripts",
        "rev": "e3b3b84d5ce9a6a4a5da79b6846d79433ca95abf",
        "type": "github"
      },
      "original": {
        "owner": "MCPI-Revival",
        "repo": "ninecraft-mod-toolchain-build-scripts",
        "type": "github"
      }
    },
    "nixgl": {
      "inputs": {
        "flake-utils": [
          "flake-utils"
        ],
        "nixpkgs": [
          "nixpkgs"
        ]
      },
      "locked": {
        "lastModified": 1752054764,
        "narHash": "sha256-Ob/HuUhANoDs+nvYqyTKrkcPXf4ZgXoqMTQoCK0RFgQ=",
        "owner": "nix-community",
        "repo": "nixGL",
        "rev": "a8e1ce7d49a149ed70df676785b07f63288f53c5",
        "type": "github"
      },
      "original": {
        "owner": "nix-community",
        "repo": "nixGL",
        "type": "github"
      }
    },
    "nixpkgs": {
      "locked": {
        "lastModified": 1755027561,
        "narHash": "sha256-IVft239Bc8p8Dtvf7UAACMG5P3ZV+3/aO28gXpGtMXI=",
        "owner": "nixos",
        "repo": "nixpkgs",
        "rev": "005433b926e16227259a1843015b5b2b7f7d1fc3",
        "type": "github"
      },
      "original": {
        "owner": "nixos",
        "ref": "nixos-unstable",
        "repo": "nixpkgs",
        "type": "github"
      }
    },
    "root": {
      "inputs": {
        "ancmp": "ancmp",
        "flake-utils": "flake-utils",
        "glad": "glad",
        "ninecraft-mod-toolchain-build-scripts": "ninecraft-mod-toolchain-build-scripts",
        "nixgl": "nixgl",
        "nixpkgs": "nixpkgs",
        "stb": "stb"
      }
    },
    "stb": {
      "flake": false,
      "locked": {
        "lastModified": 1675018027,
        "narHash": "sha256-s2ASdlT3bBNrqvwfhhN6skjbmyEnUgvNOrvhgUSRj98=",
        "owner": "nothings",
        "repo": "stb",
        "rev": "5736b15f7ea0ffb08dd38af21067c314d6a3aae9",
        "type": "github"
      },
      "original": {
        "owner": "nothings",
        "repo": "stb",
        "rev": "5736b15f7ea0ffb08dd38af21067c314d6a3aae9",
        "type": "github"
      }
    },
    "systems": {
      "locked": {
        "lastModified": 1681028828,
        "narHash": "sha256-Vy1rq5AaRuLzOxct8nz4T6wlgyUR7zLU309k9mBC768=",
        "owner": "nix-systems",
        "repo": "default",
        "rev": "da67096a3b9bf56a91d16901293e51ba5b49a27e",
        "type": "github"
      },
      "original": {
        "owner": "nix-systems",
        "repo": "default",
        "type": "github"
      }
    }
  },
  "root": "root",
  "version": 7
}
